// !$*UTF8*$!
{
	archiveVersion = 1;
	classes = {
	};
	objectVersion = 50;
	objects = {

/* Begin PBXBuildFile section */
		0398584D668DAA94969AD0B6 /* Pods_THDissolveBanner.framework in Frameworks */ = {isa = PBXBuildFile; fileRef = 71A668E87989C638125BC741 /* Pods_THDissolveBanner.framework */; };
		7DF3D53E24026645001E6E75 /* AppDelegate.swift in Sources */ = {isa = PBXBuildFile; fileRef = 7DF3D53D24026645001E6E75 /* AppDelegate.swift */; };
		7DF3D54024026645001E6E75 /* SceneDelegate.swift in Sources */ = {isa = PBXBuildFile; fileRef = 7DF3D53F24026645001E6E75 /* SceneDelegate.swift */; };
		7DF3D54224026645001E6E75 /* ViewController.swift in Sources */ = {isa = PBXBuildFile; fileRef = 7DF3D54124026645001E6E75 /* ViewController.swift */; };
		7DF3D54524026645001E6E75 /* Main.storyboard in Resources */ = {isa = PBXBuildFile; fileRef = 7DF3D54324026645001E6E75 /* Main.storyboard */; };
		7DF3D54724026647001E6E75 /* Assets.xcassets in Resources */ = {isa = PBXBuildFile; fileRef = 7DF3D54624026647001E6E75 /* Assets.xcassets */; };
		7DF3D54A24026647001E6E75 /* LaunchScreen.storyboard in Resources */ = {isa = PBXBuildFile; fileRef = 7DF3D54824026647001E6E75 /* LaunchScreen.storyboard */; };
		7DF3D5532402668A001E6E75 /* THDissolveBanner.swift in Sources */ = {isa = PBXBuildFile; fileRef = 7DF3D5522402668A001E6E75 /* THDissolveBanner.swift */; };
/* End PBXBuildFile section */

/* Begin PBXFileReference section */
		70EF6738D893CF7068A73BC0 /* Pods-THDissolveBanner.debug.xcconfig */ = {isa = PBXFileReference; includeInIndex = 1; lastKnownFileType = text.xcconfig; name = "Pods-THDissolveBanner.debug.xcconfig"; path = "Target Support Files/Pods-THDissolveBanner/Pods-THDissolveBanner.debug.xcconfig"; sourceTree = "<group>"; };
		71A668E87989C638125BC741 /* Pods_THDissolveBanner.framework */ = {isa = PBXFileReference; explicitFileType = wrapper.framework; includeInIndex = 0; path = Pods_THDissolveBanner.framework; sourceTree = BUILT_PRODUCTS_DIR; };
		7DF3D53A24026645001E6E75 /* THDissolveBanner.app */ = {isa = PBXFileReference; explicitFileType = wrapper.application; includeInIndex = 0; path = THDissolveBanner.app; sourceTree = BUILT_PRODUCTS_DIR; };
		7DF3D53D24026645001E6E75 /* AppDelegate.swift */ = {isa = PBXFileReference; lastKnownFileType = sourcecode.swift; path = AppDelegate.swift; sourceTree = "<group>"; };
		7DF3D53F24026645001E6E75 /* SceneDelegate.swift */ = {isa = PBXFileReference; lastKnownFileType = sourcecode.swift; path = SceneDelegate.swift; sourceTree = "<group>"; };
		7DF3D54124026645001E6E75 /* ViewController.swift */ = {isa = PBXFileReference; lastKnownFileType = sourcecode.swift; path = ViewController.swift; sourceTree = "<group>"; };
		7DF3D54424026645001E6E75 /* Base */ = {isa = PBXFileReference; lastKnownFileType = file.storyboard; name = Base; path = Base.lproj/Main.storyboard; sourceTree = "<group>"; };
		7DF3D54624026647001E6E75 /* Assets.xcassets */ = {isa = PBXFileReference; lastKnownFileType = folder.assetcatalog; path = Assets.xcassets; sourceTree = "<group>"; };
		7DF3D54924026647001E6E75 /* Base */ = {isa = PBXFileReference; lastKnownFileType = file.storyboard; name = Base; path = Base.lproj/LaunchScreen.storyboard; sourceTree = "<group>"; };
		7DF3D54B24026647001E6E75 /* Info.plist */ = {isa = PBXFileReference; lastKnownFileType = text.plist.xml; path = Info.plist; sourceTree = "<group>"; };
		7DF3D5522402668A001E6E75 /* THDissolveBanner.swift */ = {isa = PBXFileReference; lastKnownFileType = sourcecode.swift; path = THDissolveBanner.swift; sourceTree = "<group>"; };
		96072F806121BAB066B8490B /* Pods-THDissolveBanner.release.xcconfig */ = {isa = PBXFileReference; includeInIndex = 1; lastKnownFileType = text.xcconfig; name = "Pods-THDissolveBanner.release.xcconfig"; path = "Target Support Files/Pods-THDissolveBanner/Pods-THDissolveBanner.release.xcconfig"; sourceTree = "<group>"; };
/* End PBXFileReference section */

/* Begin PBXFrameworksBuildPhase section */
		7DF3D53724026645001E6E75 /* Frameworks */ = {
			isa = PBXFrameworksBuildPhase;
			buildActionMask = 2147483647;
			files = (
				0398584D668DAA94969AD0B6 /* Pods_THDissolveBanner.framework in Frameworks */,
			);
			runOnlyForDeploymentPostprocessing = 0;
		};
/* End PBXFrameworksBuildPhase section */

/* Begin PBXGroup section */
		2D2DAFD43A64FB3A5AF63DBA /* Pods */ = {
			isa = PBXGroup;
			children = (
				70EF6738D893CF7068A73BC0 /* Pods-THDissolveBanner.debug.xcconfig */,
				96072F806121BAB066B8490B /* Pods-THDissolveBanner.release.xcconfig */,
			);
			name = Pods;
			path = Pods;
			sourceTree = "<group>";
		};
		7DF3D53124026645001E6E75 = {
			isa = PBXGroup;
			children = (
				7DF3D53C24026645001E6E75 /* THDissolveBanner */,
				7DF3D53B24026645001E6E75 /* Products */,
				2D2DAFD43A64FB3A5AF63DBA /* Pods */,
				95C2AC9FB51951E189BF620B /* Frameworks */,
			);
			sourceTree = "<group>";
		};
		7DF3D53B24026645001E6E75 /* Products */ = {
			isa = PBXGroup;
			children = (
				7DF3D53A24026645001E6E75 /* THDissolveBanner.app */,
			);
			name = Products;
			sourceTree = "<group>";
		};
		7DF3D53C24026645001E6E75 /* THDissolveBanner */ = {
			isa = PBXGroup;
			children = (
				7DF3D55124026653001E6E75 /* Modules */,
				7DF3D53D24026645001E6E75 /* AppDelegate.swift */,
				7DF3D53F24026645001E6E75 /* SceneDelegate.swift */,
				7DF3D54124026645001E6E75 /* ViewController.swift */,
				7DF3D54324026645001E6E75 /* Main.storyboard */,
				7DF3D54624026647001E6E75 /* Assets.xcassets */,
				7DF3D54824026647001E6E75 /* LaunchScreen.storyboard */,
				7DF3D54B24026647001E6E75 /* Info.plist */,
			);
			path = THDissolveBanner;
			sourceTree = "<group>";
		};
		7DF3D55124026653001E6E75 /* Modules */ = {
			isa = PBXGroup;
			children = (
				7DF3D5522402668A001E6E75 /* THDissolveBanner.swift */,
			);
			path = Modules;
			sourceTree = "<group>";
		};
		95C2AC9FB51951E189BF620B /* Frameworks */ = {
			isa = PBXGroup;
			children = (
				71A668E87989C638125BC741 /* Pods_THDissolveBanner.framework */,
			);
			name = Frameworks;
			sourceTree = "<group>";
		};
/* End PBXGroup section */

/* Begin PBXNativeTarget section */
		7DF3D53924026645001E6E75 /* THDissolveBanner */ = {
			isa = PBXNativeTarget;
			buildConfigurationList = 7DF3D54E24026647001E6E75 /* Build configuration list for PBXNativeTarget "THDissolveBanner" */;
			buildPhases = (
				29BBECA4C7EDFD32BF9F96B4 /* [CP] Check Pods Manifest.lock */,
				7DF3D53624026645001E6E75 /* Sources */,
				7DF3D53724026645001E6E75 /* Frameworks */,
				7DF3D53824026645001E6E75 /* Resources */,
			);
			buildRules = (
			);
			dependencies = (
			);
			name = THDissolveBanner;
			productName = THDissolveBanner;
			productReference = 7DF3D53A24026645001E6E75 /* THDissolveBanner.app */;
			productType = "com.apple.product-type.application";
		};
/* End PBXNativeTarget section */

/* Begin PBXProject section */
		7DF3D53224026645001E6E75 /* Project object */ = {
			isa = PBXProject;
			attributes = {
				LastSwiftUpdateCheck = 1130;
				LastUpgradeCheck = 1130;
				ORGANIZATIONNAME = yutaehun;
				TargetAttributes = {
					7DF3D53924026645001E6E75 = {
						CreatedOnToolsVersion = 11.3.1;
					};
				};
			};
			buildConfigurationList = 7DF3D53524026645001E6E75 /* Build configuration list for PBXProject "THDissolveBanner" */;
			compatibilityVersion = "Xcode 9.3";
			developmentRegion = en;
			hasScannedForEncodings = 0;
			knownRegions = (
				en,
				Base,
			);
			mainGroup = 7DF3D53124026645001E6E75;
			productRefGroup = 7DF3D53B24026645001E6E75 /* Products */;
			projectDirPath = "";
			projectRoot = "";
			targets = (
				7DF3D53924026645001E6E75 /* THDissolveBanner */,
			);
		};
/* End PBXProject section */

/* Begin PBXResourcesBuildPhase section */
		7DF3D53824026645001E6E75 /* Resources */ = {
			isa = PBXResourcesBuildPhase;
			buildActionMask = 2147483647;
			files = (
				7DF3D54A24026647001E6E75 /* LaunchScreen.storyboard in Resources */,
				7DF3D54724026647001E6E75 /* Assets.xcassets in Resources */,
				7DF3D54524026645001E6E75 /* Main.storyboard in Resources */,
			);
			runOnlyForDeploymentPostprocessing = 0;
		};
/* End PBXResourcesBuildPhase section */

/* Begin PBXShellScriptBuildPhase section */
		29BBECA4C7EDFD32BF9F96B4 /* [CP] Check Pods Manifest.lock */ = {
			isa = PBXShellScriptBuildPhase;
			buildActionMask = 2147483647;
			files = (
			);
			inputFileListPaths = (
			);
			inputPaths = (
				"${PODS_PODFILE_DIR_PATH}/Podfile.lock",
				"${PODS_ROOT}/Manifest.lock",
			);
			name = "[CP] Check Pods Manifest.lock";
			outputFileListPaths = (
			);
			outputPaths = (
				"$(DERIVED_FILE_DIR)/Pods-THDissolveBanner-checkManifestLockResult.txt",
			);
			runOnlyForDeploymentPostprocessing = 0;
			shellPath = /bin/sh;
			shellScript = "diff \"${PODS_PODFILE_DIR_PATH}/Podfile.lock\" \"${PODS_ROOT}/Manifest.lock\" > /dev/null\nif [ $? != 0 ] ; then\n    # print error to STDERR\n    echo \"error: The sandbox is not in sync with the Podfile.lock. Run 'pod install' or update your CocoaPods installation.\" >&2\n    exit 1\nfi\n# This output is used by Xcode 'outputs' to avoid re-running this script phase.\necho \"SUCCESS\" > \"${SCRIPT_OUTPUT_FILE_0}\"\n";
			showEnvVarsInLog = 0;
		};
/* End PBXShellScriptBuildPhase section */

/* Begin PBXSourcesBuildPhase section */
		7DF3D53624026645001E6E75 /* Sources */ = {
			isa = PBXSourcesBuildPhase;
			buildActionMask = 2147483647;
			files = (
				7DF3D5532402668A001E6E75 /* THDissolveBanner.swift in Sources */,
				7DF3D54224026645001E6E75 /* ViewController.swift in Sources */,
				7DF3D53E24026645001E6E75 /* AppDelegate.swift in Sources */,
				7DF3D54024026645001E6E75 /* SceneDelegate.swift in Sources */,
			);
			runOnlyForDeploymentPostprocessing = 0;
		};
/* End PBXSourcesBuildPhase section */

/* Begin PBXVariantGroup section */
		7DF3D54324026645001E6E75 /* Main.storyboard */ = {
			isa = PBXVariantGroup;
			children = (
				7DF3D54424026645001E6E75 /* Base */,
			);
			name = Main.storyboard;
			sourceTree = "<group>";
		};
		7DF3D54824026647001E6E75 /* LaunchScreen.storyboard */ = {
			isa = PBXVariantGroup;
			children = (
				7DF3D54924026647001E6E75 /* Base */,
			);
			name = LaunchScreen.storyboard;
			sourceTree = "<group>";
		};
/* End PBXVariantGroup section */

/* Begin XCBuildConfiguration section */
		7DF3D54C24026647001E6E75 /* Debug */ = {
			isa = XCBuildConfiguration;
			buildSettings = {
				ALWAYS_SEARCH_USER_PATHS = NO;
				CLANG_ANALYZER_NONNULL = YES;
				CLANG_ANALYZER_NUMBER_OBJECT_CONVERSION = YES_AGGRESSIVE;
				CLANG_CXX_LANGUAGE_STANDARD = "gnu++14";
				CLANG_CXX_LIBRARY = "libc++";
				CLANG_ENABLE_MODULES = YES;
				CLANG_ENABLE_OBJC_ARC = YES;
				CLANG_ENABLE_OBJC_WEAK = YES;
				CLANG_WARN_BLOCK_CAPTURE_AUTORELEASING = YES;
				CLANG_WARN_BOOL_CONVERSION = YES;
				CLANG_WARN_COMMA = YES;
				CLANG_WARN_CONSTANT_CONVERSION = YES;
				CLANG_WARN_DEPRECATED_OBJC_IMPLEMENTATIONS = YES;
				CLANG_WARN_DIRECT_OBJC_ISA_USAGE = YES_ERROR;
				CLANG_WARN_DOCUMENTATION_COMMENTS = YES;
				CLANG_WARN_EMPTY_BODY = YES;
				CLANG_WARN_ENUM_CONVERSION = YES;
				CLANG_WARN_INFINITE_RECURSION = YES;
				CLANG_WARN_INT_CONVERSION = YES;
				CLANG_WARN_NON_LITERAL_NULL_CONVERSION = YES;
				CLANG_WARN_OBJC_IMPLICIT_RETAIN_SELF = YES;
				CLANG_WARN_OBJC_LITERAL_CONVERSION = YES;
				CLANG_WARN_OBJC_ROOT_CLASS = YES_ERROR;
				CLANG_WARN_RANGE_LOOP_ANALYSIS = YES;
				CLANG_WARN_STRICT_PROTOTYPES = YES;
				CLANG_WARN_SUSPICIOUS_MOVE = YES;
				CLANG_WARN_UNGUARDED_AVAILABILITY = YES_AGGRESSIVE;
				CLANG_WARN_UNREACHABLE_CODE = YES;
				CLANG_WARN__DUPLICATE_METHOD_MATCH = YES;
				COPY_PHASE_STRIP = NO;
				DEBUG_INFORMATION_FORMAT = dwarf;
				ENABLE_STRICT_OBJC_MSGSEND = YES;
				ENABLE_TESTABILITY = YES;
				GCC_C_LANGUAGE_STANDARD = gnu11;
				GCC_DYNAMIC_NO_PIC = NO;
				GCC_NO_COMMON_BLOCKS = YES;
				GCC_OPTIMIZATION_LEVEL = 0;
				GCC_PREPROCESSOR_DEFINITIONS = (
					"DEBUG=1",
					"$(inherited)",
				);
				GCC_WARN_64_TO_32_BIT_CONVERSION = YES;
				GCC_WARN_ABOUT_RETURN_TYPE = YES_ERROR;
				GCC_WARN_UNDECLARED_SELECTOR = YES;
				GCC_WARN_UNINITIALIZED_AUTOS = YES_AGGRESSIVE;
				GCC_WARN_UNUSED_FUNCTION = YES;
				GCC_WARN_UNUSED_VARIABLE = YES;
				IPHONEOS_DEPLOYMENT_TARGET = 13.2;
				MTL_ENABLE_DEBUG_INFO = INCLUDE_SOURCE;
				MTL_FAST_MATH = YES;
				ONLY_ACTIVE_ARCH = YES;
				SDKROOT = iphoneos;
				SWIFT_ACTIVE_COMPILATION_CONDITIONS = DEBUG;
				SWIFT_OPTIMIZATION_LEVEL = "-Onone";
			};
			name = Debug;
		};
		7DF3D54D24026647001E6E75 /* Release */ = {
			isa = XCBuildConfiguration;
			buildSettings = {
				ALWAYS_SEARCH_USER_PATHS = NO;
				CLANG_ANALYZER_NONNULL = YES;
				CLANG_ANALYZER_NUMBER_OBJECT_CONVERSION = YES_AGGRESSIVE;
				CLANG_CXX_LANGUAGE_STANDARD = "gnu++14";
				CLANG_CXX_LIBRARY = "libc++";
				CLANG_ENABLE_MODULES = YES;
				CLANG_ENABLE_OBJC_ARC = YES;
				CLANG_ENABLE_OBJC_WEAK = YES;
				CLANG_WARN_BLOCK_CAPTURE_AUTORELEASING = YES;
				CLANG_WARN_BOOL_CONVERSION = YES;
				CLANG_WARN_COMMA = YES;
				CLANG_WARN_CONSTANT_CONVERSION = YES;
				CLANG_WARN_DEPRECATED_OBJC_IMPLEMENTATIONS = YES;
				CLANG_WARN_DIRECT_OBJC_ISA_USAGE = YES_ERROR;
				CLANG_WARN_DOCUMENTATION_COMMENTS = YES;
				CLANG_WARN_EMPTY_BODY = YES;
				CLANG_WARN_ENUM_CONVERSION = YES;
				CLANG_WARN_INFINITE_RECURSION = YES;
				CLANG_WARN_INT_CONVERSION = YES;
				CLANG_WARN_NON_LITERAL_NULL_CONVERSION = YES;
				CLANG_WARN_OBJC_IMPLICIT_RETAIN_SELF = YES;
				CLANG_WARN_OBJC_LITERAL_CONVERSION = YES;
				CLANG_WARN_OBJC_ROOT_CLASS = YES_ERROR;
				CLANG_WARN_RANGE_LOOP_ANALYSIS = YES;
				CLANG_WARN_STRICT_PROTOTYPES = YES;
				CLANG_WARN_SUSPICIOUS_MOVE = YES;
				CLANG_WARN_UNGUARDED_AVAILABILITY = YES_AGGRESSIVE;
				CLANG_WARN_UNREACHABLE_CODE = YES;
				CLANG_WARN__DUPLICATE_METHOD_MATCH = YES;
				COPY_PHASE_STRIP = NO;
				DEBUG_INFORMATION_FORMAT = "dwarf-with-dsym";
				ENABLE_NS_ASSERTIONS = NO;
				ENABLE_STRICT_OBJC_MSGSEND = YES;
				GCC_C_LANGUAGE_STANDARD = gnu11;
				GCC_NO_COMMON_BLOCKS = YES;
				GCC_WARN_64_TO_32_BIT_CONVERSION = YES;
				GCC_WARN_ABOUT_RETURN_TYPE = YES_ERROR;
				GCC_WARN_UNDECLARED_SELECTOR = YES;
				GCC_WARN_UNINITIALIZED_AUTOS = YES_AGGRESSIVE;
				GCC_WARN_UNUSED_FUNCTION = YES;
				GCC_WARN_UNUSED_VARIABLE = YES;
				IPHONEOS_DEPLOYMENT_TARGET = 13.2;
				MTL_ENABLE_DEBUG_INFO = NO;
				MTL_FAST_MATH = YES;
				SDKROOT = iphoneos;
				SWIFT_COMPILATION_MODE = wholemodule;
				SWIFT_OPTIMIZATION_LEVEL = "-O";
				VALIDATE_PRODUCT = YES;
			};
			name = Release;
		};
		7DF3D54F24026647001E6E75 /* Debug */ = {
			isa = XCBuildConfiguration;
			baseConfigurationReference = 70EF6738D893CF7068A73BC0 /* Pods-THDissolveBanner.debug.xcconfig */;
			buildSettings = {
				ASSETCATALOG_COMPILER_APPICON_NAME = AppIcon;
				CODE_SIGN_STYLE = Automatic;
				DEVELOPMENT_TEAM = 2K3242P3CC;
				INFOPLIST_FILE = THDissolveBanner/Info.plist;
				LD_RUNPATH_SEARCH_PATHS = (
					"$(inherited)",
					"@executable_path/Frameworks",
				);
				MARKETING_VERSION = 1.0.0;
				PRODUCT_BUNDLE_IDENTIFIER = shop.yutaehun.THDissolveBanner;
				PRODUCT_NAME = "$(TARGET_NAME)";
				SWIFT_VERSION = 5.0;
				TARGETED_DEVICE_FAMILY = "1,2";
			};
			name = Debug;
		};
		7DF3D55024026647001E6E75 /* Release */ = {
			isa = XCBuildConfiguration;
			baseConfigurationReference = 96072F806121BAB066B8490B /* Pods-THDissolveBanner.release.xcconfig */;
			buildSettings = {
				ASSETCATALOG_COMPILER_APPICON_NAME = AppIcon;
				CODE_SIGN_STYLE = Automatic;
				DEVELOPMENT_TEAM = 2K3242P3CC;
				INFOPLIST_FILE = THDissolveBanner/Info.plist;
				LD_RUNPATH_SEARCH_PATHS = (
					"$(inherited)",
					"@executable_path/Frameworks",
				);
				MARKETING_VERSION = 1.0.0;
				PRODUCT_BUNDLE_IDENTIFIER = shop.yutaehun.THDissolveBanner;
				PRODUCT_NAME = "$(TARGET_NAME)";
				SWIFT_VERSION = 5.0;
				TARGETED_DEVICE_FAMILY = "1,2";
			};
			name = Release;
		};
/* End XCBuildConfiguration section */

/* Begin XCConfigurationList section */
		7DF3D53524026645001E6E75 /* Build configuration list for PBXProject "THDissolveBanner" */ = {
			isa = XCConfigurationList;
			buildConfigurations = (
				7DF3D54C24026647001E6E75 /* Debug */,
				7DF3D54D24026647001E6E75 /* Release */,
			);
			defaultConfigurationIsVisible = 0;
			defaultConfigurationName = Release;
		};
		7DF3D54E24026647001E6E75 /* Build configuration list for PBXNativeTarget "THDissolveBanner" */ = {
			isa = XCConfigurationList;
			buildConfigurations = (
				7DF3D54F24026647001E6E75 /* Debug */,
				7DF3D55024026647001E6E75 /* Release */,
			);
			defaultConfigurationIsVisible = 0;
			defaultConfigurationName = Release;
		};
/* End XCConfigurationList section */
	};
	rootObject = 7DF3D53224026645001E6E75 /* Project object */;
}
